
Microsoft Visual Studio Solution File, Format Version 12.00
# Visual Studio Version 17
VisualStudioVersion = 17.7.34221.43
MinimumVisualStudioVersion = 10.0.40219.1
Project("{FAE04EC0-301F-11D3-BF4B-00C04F79EFBC}") = "SchoolManagementSystem", "SchoolManagementSystem.csproj", "{11A7493A-19E2-4F62-A180-547E86814E4A}"
EndProject
Global
	GlobalSection(SolutionConfigurationPlatforms) = preSolution
		Debug|Any CPU = Debug|Any CPU
		Release|Any CPU = Release|Any CPU
	EndGlobalSection
	GlobalSection(ProjectConfigurationPlatforms) = postSolution
		{11A7493A-19E2-4F62-A180-547E86814E4A}.Debug|Any CPU.ActiveCfg = Debug|Any CPU
		{11A7493A-19E2-4F62-A180-547E86814E4A}.Debug|Any CPU.Build.0 = Debug|Any CPU
		{11A7493A-19E2-4F62-A180-547E86814E4A}.Release|Any CPU.ActiveCfg = Release|Any CPU
		{11A7493A-19E2-4F62-A180-547E86814E4A}.Release|Any CPU.Build.0 = Release|Any CPU
	EndGlobalSection
	GlobalSection(SolutionProperties) = preSolution
		HideSolutionNode = FALSE
	EndGlobalSection
	GlobalSection(ExtensibilityGlobals) = postSolution
		SolutionGuid = {361E20BD-D3A0-4BDB-9D26-40AA4F3E3DA3}
	EndGlobalSection
EndGlobal
